
Microsoft Visual Studio Solution File, Format Version 11.00
# Visual Studio 2010
Project("{8BC9CEB8-8B4A-11D0-8D11-00A0C91BC942}") = "SnakeGame2010", "SnakeGame2010\SnakeGame2010.vcxproj", "{07E9C1CC-AF8C-40D0-A991-B7FD34734268}"
EndProject
Global
	GlobalSection(SolutionConfigurationPlatforms) = preSolution
		Debug|Win32 = Debug|Win32
		Release|Win32 = Release|Win32
	EndGlobalSection
	GlobalSection(ProjectConfigurationPlatforms) = postSolution
		{07E9C1CC-AF8C-40D0-A991-B7FD34734268}.Debug|Win32.ActiveCfg = Debug|Win32
		{07E9C1CC-AF8C-40D0-A991-B7FD34734268}.Debug|Win32.Build.0 = Debug|Win32
		{07E9C1CC-AF8C-40D0-A991-B7FD34734268}.Release|Win32.ActiveCfg = Release|Win32
		{07E9C1CC-AF8C-40D0-A991-B7FD34734268}.Release|Win32.Build.0 = Release|Win32
	EndGlobalSection
	GlobalSection(SolutionProperties) = preSolution
		HideSolutionNode = FALSE
	EndGlobalSection
EndGlobal
